
Microsoft Visual Studio Solution File, Format Version 12.00
# Visual Studio 15
VisualStudioVersion = 15.0.26430.15
MinimumVisualStudioVersion = 10.0.40219.1
Project("{FAE04EC0-301F-11D3-BF4B-00C04F79EFBC}") = "KitchenApp.Android", "KitchenApp\KitchenApp.Android\KitchenApp.Android.csproj", "{0ECD5745-0256-429C-B978-9DBC6B3AAD61}"
EndProject
Project("{FAE04EC0-301F-11D3-BF4B-00C04F79EFBC}") = "KitchenApp.iOS", "KitchenApp\KitchenApp.iOS\KitchenApp.iOS.csproj", "{7E35345B-1A34-4AD9-8788-F4DF424139A6}"
EndProject
Project("{9A19103F-16F7-4668-BE54-9A1E7A4F7556}") = "KitchenApp", "KitchenApp.Core\KitchenApp.csproj", "{4117501F-DF4B-4E62-9847-A9D3209B1DD9}"
EndProject
Global
	GlobalSection(SolutionConfigurationPlatforms) = preSolution
		Ad-Hoc|Any CPU = Ad-Hoc|Any CPU
		Ad-Hoc|iPhone = Ad-Hoc|iPhone
		Ad-Hoc|iPhoneSimulator = Ad-Hoc|iPhoneSimulator
		AppStore|Any CPU = AppStore|Any CPU
		AppStore|iPhone = AppStore|iPhone
		AppStore|iPhoneSimulator = AppStore|iPhoneSimulator
		Debug|Any CPU = Debug|Any CPU
		Debug|iPhone = Debug|iPhone
		Debug|iPhoneSimulator = Debug|iPhoneSimulator
		NET_20_Debug|Any CPU = NET_20_Debug|Any CPU
		NET_20_Debug|iPhone = NET_20_Debug|iPhone
		NET_20_Debug|iPhoneSimulator = NET_20_Debug|iPhoneSimulator
		NET_20_Release|Any CPU = NET_20_Release|Any CPU
		NET_20_Release|iPhone = NET_20_Release|iPhone
		NET_20_Release|iPhoneSimulator = NET_20_Release|iPhoneSimulator
		NET_35_Debug|Any CPU = NET_35_Debug|Any CPU
		NET_35_Debug|iPhone = NET_35_Debug|iPhone
		NET_35_Debug|iPhoneSimulator = NET_35_Debug|iPhoneSimulator
		NET_35_Release|Any CPU = NET_35_Release|Any CPU
		NET_35_Release|iPhone = NET_35_Release|iPhone
		NET_35_Release|iPhoneSimulator = NET_35_Release|iPhoneSimulator
		NET_40_Debug|Any CPU = NET_40_Debug|Any CPU
		NET_40_Debug|iPhone = NET_40_Debug|iPhone
		NET_40_Debug|iPhoneSimulator = NET_40_Debug|iPhoneSimulator
		NET_40_Release|Any CPU = NET_40_Release|Any CPU
		NET_40_Release|iPhone = NET_40_Release|iPhone
		NET_40_Release|iPhoneSimulator = NET_40_Release|iPhoneSimulator
		NET_45_Debug|Any CPU = NET_45_Debug|Any CPU
		NET_45_Debug|iPhone = NET_45_Debug|iPhone
		NET_45_Debug|iPhoneSimulator = NET_45_Debug|iPhoneSimulator
		NET_45_Release|Any CPU = NET_45_Release|Any CPU
		NET_45_Release|iPhone = NET_45_Release|iPhone
		NET_45_Release|iPhoneSimulator = NET_45_Release|iPhoneSimulator
		Release|Any CPU = Release|Any CPU
		Release|iPhone = Release|iPhone
		Release|iPhoneSimulator = Release|iPhoneSimulator
		UNITY_WEB_PLAYER|Any CPU = UNITY_WEB_PLAYER|Any CPU
		UNITY_WEB_PLAYER|iPhone = UNITY_WEB_PLAYER|iPhone
		UNITY_WEB_PLAYER|iPhoneSimulator = UNITY_WEB_PLAYER|iPhoneSimulator
		WP_Release|Any CPU = WP_Release|Any CPU
		WP_Release|iPhone = WP_Release|iPhone
		WP_Release|iPhoneSimulator = WP_Release|iPhoneSimulator
		WP8|Any CPU = WP8|Any CPU
		WP8|iPhone = WP8|iPhone
		WP8|iPhoneSimulator = WP8|iPhoneSimulator
	EndGlobalSection
	GlobalSection(ProjectConfigurationPlatforms) = postSolution
		{0ECD5745-0256-429C-B978-9DBC6B3AAD61}.Ad-Hoc|Any CPU.ActiveCfg = Release|Any CPU
		{0ECD5745-0256-429C-B978-9DBC6B3AAD61}.Ad-Hoc|Any CPU.Build.0 = Release|Any CPU
		{0ECD5745-0256-429C-B978-9DBC6B3AAD61}.Ad-Hoc|Any CPU.Deploy.0 = Release|Any CPU
		{0ECD5745-0256-429C-B978-9DBC6B3AAD61}.Ad-Hoc|iPhone.ActiveCfg = Release|Any CPU
		{0ECD5745-0256-429C-B978-9DBC6B3AAD61}.Ad-Hoc|iPhone.Build.0 = Release|Any CPU
		{0ECD5745-0256-429C-B978-9DBC6B3AAD61}.Ad-Hoc|iPhone.Deploy.0 = Release|Any CPU
		{0ECD5745-0256-429C-B978-9DBC6B3AAD61}.Ad-Hoc|iPhoneSimulator.ActiveCfg = Release|Any CPU
		{0ECD5745-0256-429C-B978-9DBC6B3AAD61}.Ad-Hoc|iPhoneSimulator.Build.0 = Release|Any CPU
		{0ECD5745-0256-429C-B978-9DBC6B3AAD61}.Ad-Hoc|iPhoneSimulator.Deploy.0 = Release|Any CPU
		{0ECD5745-0256-429C-B978-9DBC6B3AAD61}.AppStore|Any CPU.ActiveCfg = Release|Any CPU
		{0ECD5745-0256-429C-B978-9DBC6B3AAD61}.AppStore|Any CPU.Build.0 = Release|Any CPU
		{0ECD5745-0256-429C-B978-9DBC6B3AAD61}.AppStore|Any CPU.Deploy.0 = Release|Any CPU
		{0ECD5745-0256-429C-B978-9DBC6B3AAD61}.AppStore|iPhone.ActiveCfg = Release|Any CPU
		{0ECD5745-0256-429C-B978-9DBC6B3AAD61}.AppStore|iPhone.Build.0 = Release|Any CPU
		{0ECD5745-0256-429C-B978-9DBC6B3AAD61}.AppStore|iPhone.Deploy.0 = Release|Any CPU
		{0ECD5745-0256-429C-B978-9DBC6B3AAD61}.AppStore|iPhoneSimulator.ActiveCfg = Release|Any CPU
		{0ECD5745-0256-429C-B978-9DBC6B3AAD61}.AppStore|iPhoneSimulator.Build.0 = Release|Any CPU
		{0ECD5745-0256-429C-B978-9DBC6B3AAD61}.AppStore|iPhoneSimulator.Deploy.0 = Release|Any CPU
		{0ECD5745-0256-429C-B978-9DBC6B3AAD61}.Debug|Any CPU.ActiveCfg = Debug|Any CPU
		{0ECD5745-0256-429C-B978-9DBC6B3AAD61}.Debug|Any CPU.Build.0 = Debug|Any CPU
		{0ECD5745-0256-429C-B978-9DBC6B3AAD61}.Debug|Any CPU.Deploy.0 = Debug|Any CPU
		{0ECD5745-0256-429C-B978-9DBC6B3AAD61}.Debug|iPhone.ActiveCfg = Debug|Any CPU
		{0ECD5745-0256-429C-B978-9DBC6B3AAD61}.Debug|iPhone.Build.0 = Debug|Any CPU
		{0ECD5745-0256-429C-B978-9DBC6B3AAD61}.Debug|iPhone.Deploy.0 = Debug|Any CPU
		{0ECD5745-0256-429C-B978-9DBC6B3AAD61}.Debug|iPhoneSimulator.ActiveCfg = Debug|Any CPU
		{0ECD5745-0256-429C-B978-9DBC6B3AAD61}.Debug|iPhoneSimulator.Build.0 = Debug|Any CPU
		{0ECD5745-0256-429C-B978-9DBC6B3AAD61}.Debug|iPhoneSimulator.Deploy.0 = Debug|Any CPU
		{0ECD5745-0256-429C-B978-9DBC6B3AAD61}.NET_20_Debug|Any CPU.ActiveCfg = Debug|Any CPU
		{0ECD5745-0256-429C-B978-9DBC6B3AAD61}.NET_20_Debug|Any CPU.Build.0 = Debug|Any CPU
		{0ECD5745-0256-429C-B978-9DBC6B3AAD61}.NET_20_Debug|Any CPU.Deploy.0 = Debug|Any CPU
		{0ECD5745-0256-429C-B978-9DBC6B3AAD61}.NET_20_Debug|iPhone.ActiveCfg = Debug|Any CPU
		{0ECD5745-0256-429C-B978-9DBC6B3AAD61}.NET_20_Debug|iPhone.Build.0 = Debug|Any CPU
		{0ECD5745-0256-429C-B978-9DBC6B3AAD61}.NET_20_Debug|iPhone.Deploy.0 = Debug|Any CPU
		{0ECD5745-0256-429C-B978-9DBC6B3AAD61}.NET_20_Debug|iPhoneSimulator.ActiveCfg = Debug|Any CPU
		{0ECD5745-0256-429C-B978-9DBC6B3AAD61}.NET_20_Debug|iPhoneSimulator.Build.0 = Debug|Any CPU
		{0ECD5745-0256-429C-B978-9DBC6B3AAD61}.NET_20_Debug|iPhoneSimulator.Deploy.0 = Debug|Any CPU
		{0ECD5745-0256-429C-B978-9DBC6B3AAD61}.NET_20_Release|Any CPU.ActiveCfg = Release|Any CPU
		{0ECD5745-0256-429C-B978-9DBC6B3AAD61}.NET_20_Release|Any CPU.Build.0 = Release|Any CPU
		{0ECD5745-0256-429C-B978-9DBC6B3AAD61}.NET_20_Release|Any CPU.Deploy.0 = Release|Any CPU
		{0ECD5745-0256-429C-B978-9DBC6B3AAD61}.NET_20_Release|iPhone.ActiveCfg = Release|Any CPU
		{0ECD5745-0256-429C-B978-9DBC6B3AAD61}.NET_20_Release|iPhone.Build.0 = Release|Any CPU
		{0ECD5745-0256-429C-B978-9DBC6B3AAD61}.NET_20_Release|iPhone.Deploy.0 = Release|Any CPU
		{0ECD5745-0256-429C-B978-9DBC6B3AAD61}.NET_20_Release|iPhoneSimulator.ActiveCfg = Release|Any CPU
		{0ECD5745-0256-429C-B978-9DBC6B3AAD61}.NET_20_Release|iPhoneSimulator.Build.0 = Release|Any CPU
		{0ECD5745-0256-429C-B978-9DBC6B3AAD61}.NET_20_Release|iPhoneSimulator.Deploy.0 = Release|Any CPU
		{0ECD5745-0256-429C-B978-9DBC6B3AAD61}.NET_35_Debug|Any CPU.ActiveCfg = Debug|Any CPU
		{0ECD5745-0256-429C-B978-9DBC6B3AAD61}.NET_35_Debug|Any CPU.Build.0 = Debug|Any CPU
		{0ECD5745-0256-429C-B978-9DBC6B3AAD61}.NET_35_Debug|Any CPU.Deploy.0 = Debug|Any CPU
		{0ECD5745-0256-429C-B978-9DBC6B3AAD61}.NET_35_Debug|iPhone.ActiveCfg = Debug|Any CPU
		{0ECD5745-0256-429C-B978-9DBC6B3AAD61}.NET_35_Debug|iPhone.Build.0 = Debug|Any CPU
		{0ECD5745-0256-429C-B978-9DBC6B3AAD61}.NET_35_Debug|iPhone.Deploy.0 = Debug|Any CPU
		{0ECD5745-0256-429C-B978-9DBC6B3AAD61}.NET_35_Debug|iPhoneSimulator.ActiveCfg = Debug|Any CPU
		{0ECD5745-0256-429C-B978-9DBC6B3AAD61}.NET_35_Debug|iPhoneSimulator.Build.0 = Debug|Any CPU
		{0ECD5745-0256-429C-B978-9DBC6B3AAD61}.NET_35_Debug|iPhoneSimulator.Deploy.0 = Debug|Any CPU
		{0ECD5745-0256-429C-B978-9DBC6B3AAD61}.NET_35_Release|Any CPU.ActiveCfg = Release|Any CPU
		{0ECD5745-0256-429C-B978-9DBC6B3AAD61}.NET_35_Release|Any CPU.Build.0 = Release|Any CPU
		{0ECD5745-0256-429C-B978-9DBC6B3AAD61}.NET_35_Release|Any CPU.Deploy.0 = Release|Any CPU
		{0ECD5745-0256-429C-B978-9DBC6B3AAD61}.NET_35_Release|iPhone.ActiveCfg = Release|Any CPU
		{0ECD5745-0256-429C-B978-9DBC6B3AAD61}.NET_35_Release|iPhone.Build.0 = Release|Any CPU
		{0ECD5745-0256-429C-B978-9DBC6B3AAD61}.NET_35_Release|iPhone.Deploy.0 = Release|Any CPU
		{0ECD5745-0256-429C-B978-9DBC6B3AAD61}.NET_35_Release|iPhoneSimulator.ActiveCfg = Release|Any CPU
		{0ECD5745-0256-429C-B978-9DBC6B3AAD61}.NET_35_Release|iPhoneSimulator.Build.0 = Release|Any CPU
		{0ECD5745-0256-429C-B978-9DBC6B3AAD61}.NET_35_Release|iPhoneSimulator.Deploy.0 = Release|Any CPU
		{0ECD5745-0256-429C-B978-9DBC6B3AAD61}.NET_40_Debug|Any CPU.ActiveCfg = Debug|Any CPU
		{0ECD5745-0256-429C-B978-9DBC6B3AAD61}.NET_40_Debug|Any CPU.Build.0 = Debug|Any CPU
		{0ECD5745-0256-429C-B978-9DBC6B3AAD61}.NET_40_Debug|Any CPU.Deploy.0 = Debug|Any CPU
		{0ECD5745-0256-429C-B978-9DBC6B3AAD61}.NET_40_Debug|iPhone.ActiveCfg = Debug|Any CPU
		{0ECD5745-0256-429C-B978-9DBC6B3AAD61}.NET_40_Debug|iPhone.Build.0 = Debug|Any CPU
		{0ECD5745-0256-429C-B978-9DBC6B3AAD61}.NET_40_Debug|iPhone.Deploy.0 = Debug|Any CPU
		{0ECD5745-0256-429C-B978-9DBC6B3AAD61}.NET_40_Debug|iPhoneSimulator.ActiveCfg = Debug|Any CPU
		{0ECD5745-0256-429C-B978-9DBC6B3AAD61}.NET_40_Debug|iPhoneSimulator.Build.0 = Debug|Any CPU
		{0ECD5745-0256-429C-B978-9DBC6B3AAD61}.NET_40_Debug|iPhoneSimulator.Deploy.0 = Debug|Any CPU
		{0ECD5745-0256-429C-B978-9DBC6B3AAD61}.NET_40_Release|Any CPU.ActiveCfg = Release|Any CPU
		{0ECD5745-0256-429C-B978-9DBC6B3AAD61}.NET_40_Release|Any CPU.Build.0 = Release|Any CPU
		{0ECD5745-0256-429C-B978-9DBC6B3AAD61}.NET_40_Release|Any CPU.Deploy.0 = Release|Any CPU
		{0ECD5745-0256-429C-B978-9DBC6B3AAD61}.NET_40_Release|iPhone.ActiveCfg = Release|Any CPU
		{0ECD5745-0256-429C-B978-9DBC6B3AAD61}.NET_40_Release|iPhone.Build.0 = Release|Any CPU
		{0ECD5745-0256-429C-B978-9DBC6B3AAD61}.NET_40_Release|iPhone.Deploy.0 = Release|Any CPU
		{0ECD5745-0256-429C-B978-9DBC6B3AAD61}.NET_40_Release|iPhoneSimulator.ActiveCfg = Release|Any CPU
		{0ECD5745-0256-429C-B978-9DBC6B3AAD61}.NET_40_Release|iPhoneSimulator.Build.0 = Release|Any CPU
		{0ECD5745-0256-429C-B978-9DBC6B3AAD61}.NET_40_Release|iPhoneSimulator.Deploy.0 = Release|Any CPU
		{0ECD5745-0256-429C-B978-9DBC6B3AAD61}.NET_45_Debug|Any CPU.ActiveCfg = Debug|Any CPU
		{0ECD5745-0256-429C-B978-9DBC6B3AAD61}.NET_45_Debug|Any CPU.Build.0 = Debug|Any CPU
		{0ECD5745-0256-429C-B978-9DBC6B3AAD61}.NET_45_Debug|Any CPU.Deploy.0 = Debug|Any CPU
		{0ECD5745-0256-429C-B978-9DBC6B3AAD61}.NET_45_Debug|iPhone.ActiveCfg = Debug|Any CPU
		{0ECD5745-0256-429C-B978-9DBC6B3AAD61}.NET_45_Debug|iPhone.Build.0 = Debug|Any CPU
		{0ECD5745-0256-429C-B978-9DBC6B3AAD61}.NET_45_Debug|iPhone.Deploy.0 = Debug|Any CPU
		{0ECD5745-0256-429C-B978-9DBC6B3AAD61}.NET_45_Debug|iPhoneSimulator.ActiveCfg = Debug|Any CPU
		{0ECD5745-0256-429C-B978-9DBC6B3AAD61}.NET_45_Debug|iPhoneSimulator.Build.0 = Debug|Any CPU
		{0ECD5745-0256-429C-B978-9DBC6B3AAD61}.NET_45_Debug|iPhoneSimulator.Deploy.0 = Debug|Any CPU
		{0ECD5745-0256-429C-B978-9DBC6B3AAD61}.NET_45_Release|Any CPU.ActiveCfg = Release|Any CPU
		{0ECD5745-0256-429C-B978-9DBC6B3AAD61}.NET_45_Release|Any CPU.Build.0 = Release|Any CPU
		{0ECD5745-0256-429C-B978-9DBC6B3AAD61}.NET_45_Release|Any CPU.Deploy.0 = Release|Any CPU
		{0ECD5745-0256-429C-B978-9DBC6B3AAD61}.NET_45_Release|iPhone.ActiveCfg = Release|Any CPU
		{0ECD5745-0256-429C-B978-9DBC6B3AAD61}.NET_45_Release|iPhone.Build.0 = Release|Any CPU
		{0ECD5745-0256-429C-B978-9DBC6B3AAD61}.NET_45_Release|iPhone.Deploy.0 = Release|Any CPU
		{0ECD5745-0256-429C-B978-9DBC6B3AAD61}.NET_45_Release|iPhoneSimulator.ActiveCfg = Release|Any CPU
		{0ECD5745-0256-429C-B978-9DBC6B3AAD61}.NET_45_Release|iPhoneSimulator.Build.0 = Release|Any CPU
		{0ECD5745-0256-429C-B978-9DBC6B3AAD61}.NET_45_Release|iPhoneSimulator.Deploy.0 = Release|Any CPU
		{0ECD5745-0256-429C-B978-9DBC6B3AAD61}.Release|Any CPU.ActiveCfg = Release|Any CPU
		{0ECD5745-0256-429C-B978-9DBC6B3AAD61}.Release|Any CPU.Build.0 = Release|Any CPU
		{0ECD5745-0256-429C-B978-9DBC6B3AAD61}.Release|Any CPU.Deploy.0 = Release|Any CPU
		{0ECD5745-0256-429C-B978-9DBC6B3AAD61}.Release|iPhone.ActiveCfg = Release|Any CPU
		{0ECD5745-0256-429C-B978-9DBC6B3AAD61}.Release|iPhone.Build.0 = Release|Any CPU
		{0ECD5745-0256-429C-B978-9DBC6B3AAD61}.Release|iPhone.Deploy.0 = Release|Any CPU
		{0ECD5745-0256-429C-B978-9DBC6B3AAD61}.Release|iPhoneSimulator.ActiveCfg = Release|Any CPU
		{0ECD5745-0256-429C-B978-9DBC6B3AAD61}.Release|iPhoneSimulator.Build.0 = Release|Any CPU
		{0ECD5745-0256-429C-B978-9DBC6B3AAD61}.Release|iPhoneSimulator.Deploy.0 = Release|Any CPU
		{0ECD5745-0256-429C-B978-9DBC6B3AAD61}.UNITY_WEB_PLAYER|Any CPU.ActiveCfg = Debug|Any CPU
		{0ECD5745-0256-429C-B978-9DBC6B3AAD61}.UNITY_WEB_PLAYER|Any CPU.Build.0 = Debug|Any CPU
		{0ECD5745-0256-429C-B978-9DBC6B3AAD61}.UNITY_WEB_PLAYER|Any CPU.Deploy.0 = Debug|Any CPU
		{0ECD5745-0256-429C-B978-9DBC6B3AAD61}.UNITY_WEB_PLAYER|iPhone.ActiveCfg = Debug|Any CPU
		{0ECD5745-0256-429C-B978-9DBC6B3AAD61}.UNITY_WEB_PLAYER|iPhone.Build.0 = Debug|Any CPU
		{0ECD5745-0256-429C-B978-9DBC6B3AAD61}.UNITY_WEB_PLAYER|iPhone.Deploy.0 = Debug|Any CPU
		{0ECD5745-0256-429C-B978-9DBC6B3AAD61}.UNITY_WEB_PLAYER|iPhoneSimulator.ActiveCfg = Debug|Any CPU
		{0ECD5745-0256-429C-B978-9DBC6B3AAD61}.UNITY_WEB_PLAYER|iPhoneSimulator.Build.0 = Debug|Any CPU
		{0ECD5745-0256-429C-B978-9DBC6B3AAD61}.UNITY_WEB_PLAYER|iPhoneSimulator.Deploy.0 = Debug|Any CPU
		{0ECD5745-0256-429C-B978-9DBC6B3AAD61}.WP_Release|Any CPU.ActiveCfg = Release|Any CPU
		{0ECD5745-0256-429C-B978-9DBC6B3AAD61}.WP_Release|Any CPU.Build.0 = Release|Any CPU
		{0ECD5745-0256-429C-B978-9DBC6B3AAD61}.WP_Release|Any CPU.Deploy.0 = Release|Any CPU
		{0ECD5745-0256-429C-B978-9DBC6B3AAD61}.WP_Release|iPhone.ActiveCfg = Release|Any CPU
		{0ECD5745-0256-429C-B978-9DBC6B3AAD61}.WP_Release|iPhone.Build.0 = Release|Any CPU
		{0ECD5745-0256-429C-B978-9DBC6B3AAD61}.WP_Release|iPhone.Deploy.0 = Release|Any CPU
		{0ECD5745-0256-429C-B978-9DBC6B3AAD61}.WP_Release|iPhoneSimulator.ActiveCfg = Release|Any CPU
		{0ECD5745-0256-429C-B978-9DBC6B3AAD61}.WP_Release|iPhoneSimulator.Build.0 = Release|Any CPU
		{0ECD5745-0256-429C-B978-9DBC6B3AAD61}.WP_Release|iPhoneSimulator.Deploy.0 = Release|Any CPU
		{0ECD5745-0256-429C-B978-9DBC6B3AAD61}.WP8|Any CPU.ActiveCfg = Debug|Any CPU
		{0ECD5745-0256-429C-B978-9DBC6B3AAD61}.WP8|Any CPU.Build.0 = Debug|Any CPU
		{0ECD5745-0256-429C-B978-9DBC6B3AAD61}.WP8|Any CPU.Deploy.0 = Debug|Any CPU
		{0ECD5745-0256-429C-B978-9DBC6B3AAD61}.WP8|iPhone.ActiveCfg = Debug|Any CPU
		{0ECD5745-0256-429C-B978-9DBC6B3AAD61}.WP8|iPhone.Build.0 = Debug|Any CPU
		{0ECD5745-0256-429C-B978-9DBC6B3AAD61}.WP8|iPhone.Deploy.0 = Debug|Any CPU
		{0ECD5745-0256-429C-B978-9DBC6B3AAD61}.WP8|iPhoneSimulator.ActiveCfg = Debug|Any CPU
		{0ECD5745-0256-429C-B978-9DBC6B3AAD61}.WP8|iPhoneSimulator.Build.0 = Debug|Any CPU
		{0ECD5745-0256-429C-B978-9DBC6B3AAD61}.WP8|iPhoneSimulator.Deploy.0 = Debug|Any CPU
		{7E35345B-1A34-4AD9-8788-F4DF424139A6}.Ad-Hoc|Any CPU.ActiveCfg = Ad-Hoc|iPhone
		{7E35345B-1A34-4AD9-8788-F4DF424139A6}.Ad-Hoc|iPhone.ActiveCfg = Ad-Hoc|iPhone
		{7E35345B-1A34-4AD9-8788-F4DF424139A6}.Ad-Hoc|iPhone.Build.0 = Ad-Hoc|iPhone
		{7E35345B-1A34-4AD9-8788-F4DF424139A6}.Ad-Hoc|iPhoneSimulator.ActiveCfg = Ad-Hoc|iPhoneSimulator
		{7E35345B-1A34-4AD9-8788-F4DF424139A6}.Ad-Hoc|iPhoneSimulator.Build.0 = Ad-Hoc|iPhoneSimulator
		{7E35345B-1A34-4AD9-8788-F4DF424139A6}.AppStore|Any CPU.ActiveCfg = AppStore|iPhone
		{7E35345B-1A34-4AD9-8788-F4DF424139A6}.AppStore|iPhone.ActiveCfg = AppStore|iPhone
		{7E35345B-1A34-4AD9-8788-F4DF424139A6}.AppStore|iPhone.Build.0 = AppStore|iPhone
		{7E35345B-1A34-4AD9-8788-F4DF424139A6}.AppStore|iPhoneSimulator.ActiveCfg = AppStore|iPhoneSimulator
		{7E35345B-1A34-4AD9-8788-F4DF424139A6}.AppStore|iPhoneSimulator.Build.0 = AppStore|iPhoneSimulator
		{7E35345B-1A34-4AD9-8788-F4DF424139A6}.Debug|Any CPU.ActiveCfg = Debug|iPhone
		{7E35345B-1A34-4AD9-8788-F4DF424139A6}.Debug|iPhone.ActiveCfg = Debug|iPhone
		{7E35345B-1A34-4AD9-8788-F4DF424139A6}.Debug|iPhone.Build.0 = Debug|iPhone
		{7E35345B-1A34-4AD9-8788-F4DF424139A6}.Debug|iPhoneSimulator.ActiveCfg = Debug|iPhoneSimulator
		{7E35345B-1A34-4AD9-8788-F4DF424139A6}.Debug|iPhoneSimulator.Build.0 = Debug|iPhoneSimulator
		{7E35345B-1A34-4AD9-8788-F4DF424139A6}.NET_20_Debug|Any CPU.ActiveCfg = Release|iPhoneSimulator
		{7E35345B-1A34-4AD9-8788-F4DF424139A6}.NET_20_Debug|Any CPU.Build.0 = Release|iPhoneSimulator
		{7E35345B-1A34-4AD9-8788-F4DF424139A6}.NET_20_Debug|iPhone.ActiveCfg = Debug|iPhone
		{7E35345B-1A34-4AD9-8788-F4DF424139A6}.NET_20_Debug|iPhone.Build.0 = Debug|iPhone
		{7E35345B-1A34-4AD9-8788-F4DF424139A6}.NET_20_Debug|iPhoneSimulator.ActiveCfg = Debug|iPhoneSimulator
		{7E35345B-1A34-4AD9-8788-F4DF424139A6}.NET_20_Debug|iPhoneSimulator.Build.0 = Debug|iPhoneSimulator
		{7E35345B-1A34-4AD9-8788-F4DF424139A6}.NET_20_Release|Any CPU.ActiveCfg = Release|iPhoneSimulator
		{7E35345B-1A34-4AD9-8788-F4DF424139A6}.NET_20_Release|Any CPU.Build.0 = Release|iPhoneSimulator
		{7E35345B-1A34-4AD9-8788-F4DF424139A6}.NET_20_Release|iPhone.ActiveCfg = Release|iPhone
		{7E35345B-1A34-4AD9-8788-F4DF424139A6}.NET_20_Release|iPhone.Build.0 = Release|iPhone
		{7E35345B-1A34-4AD9-8788-F4DF424139A6}.NET_20_Release|iPhoneSimulator.ActiveCfg = Release|iPhoneSimulator
		{7E35345B-1A34-4AD9-8788-F4DF424139A6}.NET_20_Release|iPhoneSimulator.Build.0 = Release|iPhoneSimulator
		{7E35345B-1A34-4AD9-8788-F4DF424139A6}.NET_35_Debug|Any CPU.ActiveCfg = Release|iPhoneSimulator
		{7E35345B-1A34-4AD9-8788-F4DF424139A6}.NET_35_Debug|Any CPU.Build.0 = Release|iPhoneSimulator
		{7E35345B-1A34-4AD9-8788-F4DF424139A6}.NET_35_Debug|iPhone.ActiveCfg = Debug|iPhone
		{7E35345B-1A34-4AD9-8788-F4DF424139A6}.NET_35_Debug|iPhone.Build.0 = Debug|iPhone
		{7E35345B-1A34-4AD9-8788-F4DF424139A6}.NET_35_Debug|iPhoneSimulator.ActiveCfg = Debug|iPhoneSimulator
		{7E35345B-1A34-4AD9-8788-F4DF424139A6}.NET_35_Debug|iPhoneSimulator.Build.0 = Debug|iPhoneSimulator
		{7E35345B-1A34-4AD9-8788-F4DF424139A6}.NET_35_Release|Any CPU.ActiveCfg = Release|iPhoneSimulator
		{7E35345B-1A34-4AD9-8788-F4DF424139A6}.NET_35_Release|Any CPU.Build.0 = Release|iPhoneSimulator
		{7E35345B-1A34-4AD9-8788-F4DF424139A6}.NET_35_Release|iPhone.ActiveCfg = Release|iPhone
		{7E35345B-1A34-4AD9-8788-F4DF424139A6}.NET_35_Release|iPhone.Build.0 = Release|iPhone
		{7E35345B-1A34-4AD9-8788-F4DF424139A6}.NET_35_Release|iPhoneSimulator.ActiveCfg = Release|iPhoneSimulator
		{7E35345B-1A34-4AD9-8788-F4DF424139A6}.NET_35_Release|iPhoneSimulator.Build.0 = Release|iPhoneSimulator
		{7E35345B-1A34-4AD9-8788-F4DF424139A6}.NET_40_Debug|Any CPU.ActiveCfg = Release|iPhoneSimulator
		{7E35345B-1A34-4AD9-8788-F4DF424139A6}.NET_40_Debug|Any CPU.Build.0 = Release|iPhoneSimulator
		{7E35345B-1A34-4AD9-8788-F4DF424139A6}.NET_40_Debug|iPhone.ActiveCfg = Debug|iPhone
		{7E35345B-1A34-4AD9-8788-F4DF424139A6}.NET_40_Debug|iPhone.Build.0 = Debug|iPhone
		{7E35345B-1A34-4AD9-8788-F4DF424139A6}.NET_40_Debug|iPhoneSimulator.ActiveCfg = Debug|iPhoneSimulator
		{7E35345B-1A34-4AD9-8788-F4DF424139A6}.NET_40_Debug|iPhoneSimulator.Build.0 = Debug|iPhoneSimulator
		{7E35345B-1A34-4AD9-8788-F4DF424139A6}.NET_40_Release|Any CPU.ActiveCfg = Release|iPhoneSimulator
		{7E35345B-1A34-4AD9-8788-F4DF424139A6}.NET_40_Release|Any CPU.Build.0 = Release|iPhoneSimulator
		{7E35345B-1A34-4AD9-8788-F4DF424139A6}.NET_40_Release|iPhone.ActiveCfg = Release|iPhone
		{7E35345B-1A34-4AD9-8788-F4DF424139A6}.NET_40_Release|iPhone.Build.0 = Release|iPhone
		{7E35345B-1A34-4AD9-8788-F4DF424139A6}.NET_40_Release|iPhoneSimulator.ActiveCfg = Release|iPhoneSimulator
		{7E35345B-1A34-4AD9-8788-F4DF424139A6}.NET_40_Release|iPhoneSimulator.Build.0 = Release|iPhoneSimulator
		{7E35345B-1A34-4AD9-8788-F4DF424139A6}.NET_45_Debug|Any CPU.ActiveCfg = Release|iPhoneSimulator
		{7E35345B-1A34-4AD9-8788-F4DF424139A6}.NET_45_Debug|Any CPU.Build.0 = Release|iPhoneSimulator
		{7E35345B-1A34-4AD9-8788-F4DF424139A6}.NET_45_Debug|iPhone.ActiveCfg = Debug|iPhone
		{7E35345B-1A34-4AD9-8788-F4DF424139A6}.NET_45_Debug|iPhone.Build.0 = Debug|iPhone
		{7E35345B-1A34-4AD9-8788-F4DF424139A6}.NET_45_Debug|iPhoneSimulator.ActiveCfg = Debug|iPhoneSimulator
		{7E35345B-1A34-4AD9-8788-F4DF424139A6}.NET_45_Debug|iPhoneSimulator.Build.0 = Debug|iPhoneSimulator
		{7E35345B-1A34-4AD9-8788-F4DF424139A6}.NET_45_Release|Any CPU.ActiveCfg = Release|iPhoneSimulator
		{7E35345B-1A34-4AD9-8788-F4DF424139A6}.NET_45_Release|Any CPU.Build.0 = Release|iPhoneSimulator
		{7E35345B-1A34-4AD9-8788-F4DF424139A6}.NET_45_Release|iPhone.ActiveCfg = Release|iPhone
		{7E35345B-1A34-4AD9-8788-F4DF424139A6}.NET_45_Release|iPhone.Build.0 = Release|iPhone
		{7E35345B-1A34-4AD9-8788-F4DF424139A6}.NET_45_Release|iPhoneSimulator.ActiveCfg = Release|iPhoneSimulator
		{7E35345B-1A34-4AD9-8788-F4DF424139A6}.NET_45_Release|iPhoneSimulator.Build.0 = Release|iPhoneSimulator
		{7E35345B-1A34-4AD9-8788-F4DF424139A6}.Release|Any CPU.ActiveCfg = Release|iPhone
		{7E35345B-1A34-4AD9-8788-F4DF424139A6}.Release|iPhone.ActiveCfg = Release|iPhone
		{7E35345B-1A34-4AD9-8788-F4DF424139A6}.Release|iPhone.Build.0 = Release|iPhone
		{7E35345B-1A34-4AD9-8788-F4DF424139A6}.Release|iPhoneSimulator.ActiveCfg = Release|iPhoneSimulator
		{7E35345B-1A34-4AD9-8788-F4DF424139A6}.Release|iPhoneSimulator.Build.0 = Release|iPhoneSimulator
		{7E35345B-1A34-4AD9-8788-F4DF424139A6}.UNITY_WEB_PLAYER|Any CPU.ActiveCfg = Release|iPhoneSimulator
		{7E35345B-1A34-4AD9-8788-F4DF424139A6}.UNITY_WEB_PLAYER|Any CPU.Build.0 = Release|iPhoneSimulator
		{7E35345B-1A34-4AD9-8788-F4DF424139A6}.UNITY_WEB_PLAYER|iPhone.ActiveCfg = Release|iPhone
		{7E35345B-1A34-4AD9-8788-F4DF424139A6}.UNITY_WEB_PLAYER|iPhone.Build.0 = Release|iPhone
		{7E35345B-1A34-4AD9-8788-F4DF424139A6}.UNITY_WEB_PLAYER|iPhoneSimulator.ActiveCfg = Release|iPhoneSimulator
		{7E35345B-1A34-4AD9-8788-F4DF424139A6}.UNITY_WEB_PLAYER|iPhoneSimulator.Build.0 = Release|iPhoneSimulator
		{7E35345B-1A34-4AD9-8788-F4DF424139A6}.WP_Release|Any CPU.ActiveCfg = Release|iPhoneSimulator
		{7E35345B-1A34-4AD9-8788-F4DF424139A6}.WP_Release|Any CPU.Build.0 = Release|iPhoneSimulator
		{7E35345B-1A34-4AD9-8788-F4DF424139A6}.WP_Release|iPhone.ActiveCfg = Release|iPhone
		{7E35345B-1A34-4AD9-8788-F4DF424139A6}.WP_Release|iPhone.Build.0 = Release|iPhone
		{7E35345B-1A34-4AD9-8788-F4DF424139A6}.WP_Release|iPhoneSimulator.ActiveCfg = Release|iPhoneSimulator
		{7E35345B-1A34-4AD9-8788-F4DF424139A6}.WP_Release|iPhoneSimulator.Build.0 = Release|iPhoneSimulator
		{7E35345B-1A34-4AD9-8788-F4DF424139A6}.WP8|Any CPU.ActiveCfg = Release|iPhoneSimulator
		{7E35345B-1A34-4AD9-8788-F4DF424139A6}.WP8|Any CPU.Build.0 = Release|iPhoneSimulator
		{7E35345B-1A34-4AD9-8788-F4DF424139A6}.WP8|iPhone.ActiveCfg = Release|iPhone
		{7E35345B-1A34-4AD9-8788-F4DF424139A6}.WP8|iPhone.Build.0 = Release|iPhone
		{7E35345B-1A34-4AD9-8788-F4DF424139A6}.WP8|iPhoneSimulator.ActiveCfg = Release|iPhoneSimulator
		{7E35345B-1A34-4AD9-8788-F4DF424139A6}.WP8|iPhoneSimulator.Build.0 = Release|iPhoneSimulator
		{4117501F-DF4B-4E62-9847-A9D3209B1DD9}.Ad-Hoc|Any CPU.ActiveCfg = Debug|Any CPU
		{4117501F-DF4B-4E62-9847-A9D3209B1DD9}.Ad-Hoc|Any CPU.Build.0 = Debug|Any CPU
		{4117501F-DF4B-4E62-9847-A9D3209B1DD9}.Ad-Hoc|iPhone.ActiveCfg = Debug|Any CPU
		{4117501F-DF4B-4E62-9847-A9D3209B1DD9}.Ad-Hoc|iPhone.Build.0 = Debug|Any CPU
		{4117501F-DF4B-4E62-9847-A9D3209B1DD9}.Ad-Hoc|iPhoneSimulator.ActiveCfg = Debug|Any CPU
		{4117501F-DF4B-4E62-9847-A9D3209B1DD9}.Ad-Hoc|iPhoneSimulator.Build.0 = Debug|Any CPU
		{4117501F-DF4B-4E62-9847-A9D3209B1DD9}.AppStore|Any CPU.ActiveCfg = Debug|Any CPU
		{4117501F-DF4B-4E62-9847-A9D3209B1DD9}.AppStore|Any CPU.Build.0 = Debug|Any CPU
		{4117501F-DF4B-4E62-9847-A9D3209B1DD9}.AppStore|iPhone.ActiveCfg = Debug|Any CPU
		{4117501F-DF4B-4E62-9847-A9D3209B1DD9}.AppStore|iPhone.Build.0 = Debug|Any CPU
		{4117501F-DF4B-4E62-9847-A9D3209B1DD9}.AppStore|iPhoneSimulator.ActiveCfg = Debug|Any CPU
		{4117501F-DF4B-4E62-9847-A9D3209B1DD9}.AppStore|iPhoneSimulator.Build.0 = Debug|Any CPU
		{4117501F-DF4B-4E62-9847-A9D3209B1DD9}.Debug|Any CPU.ActiveCfg = Debug|Any CPU
		{4117501F-DF4B-4E62-9847-A9D3209B1DD9}.Debug|Any CPU.Build.0 = Debug|Any CPU
		{4117501F-DF4B-4E62-9847-A9D3209B1DD9}.Debug|iPhone.ActiveCfg = Debug|Any CPU
		{4117501F-DF4B-4E62-9847-A9D3209B1DD9}.Debug|iPhone.Build.0 = Debug|Any CPU
		{4117501F-DF4B-4E62-9847-A9D3209B1DD9}.Debug|iPhoneSimulator.ActiveCfg = Debug|Any CPU
		{4117501F-DF4B-4E62-9847-A9D3209B1DD9}.Debug|iPhoneSimulator.Build.0 = Debug|Any CPU
		{4117501F-DF4B-4E62-9847-A9D3209B1DD9}.NET_20_Debug|Any CPU.ActiveCfg = Debug|Any CPU
		{4117501F-DF4B-4E62-9847-A9D3209B1DD9}.NET_20_Debug|Any CPU.Build.0 = Debug|Any CPU
		{4117501F-DF4B-4E62-9847-A9D3209B1DD9}.NET_20_Debug|iPhone.ActiveCfg = Debug|Any CPU
		{4117501F-DF4B-4E62-9847-A9D3209B1DD9}.NET_20_Debug|iPhone.Build.0 = Debug|Any CPU
		{4117501F-DF4B-4E62-9847-A9D3209B1DD9}.NET_20_Debug|iPhoneSimulator.ActiveCfg = Debug|Any CPU
		{4117501F-DF4B-4E62-9847-A9D3209B1DD9}.NET_20_Debug|iPhoneSimulator.Build.0 = Debug|Any CPU
		{4117501F-DF4B-4E62-9847-A9D3209B1DD9}.NET_20_Release|Any CPU.ActiveCfg = Release|Any CPU
		{4117501F-DF4B-4E62-9847-A9D3209B1DD9}.NET_20_Release|Any CPU.Build.0 = Release|Any CPU
		{4117501F-DF4B-4E62-9847-A9D3209B1DD9}.NET_20_Release|iPhone.ActiveCfg = Release|Any CPU
		{4117501F-DF4B-4E62-9847-A9D3209B1DD9}.NET_20_Release|iPhone.Build.0 = Release|Any CPU
		{4117501F-DF4B-4E62-9847-A9D3209B1DD9}.NET_20_Release|iPhoneSimulator.ActiveCfg = Release|Any CPU
		{4117501F-DF4B-4E62-9847-A9D3209B1DD9}.NET_20_Release|iPhoneSimulator.Build.0 = Release|Any CPU
		{4117501F-DF4B-4E62-9847-A9D3209B1DD9}.NET_35_Debug|Any CPU.ActiveCfg = Debug|Any CPU
		{4117501F-DF4B-4E62-9847-A9D3209B1DD9}.NET_35_Debug|Any CPU.Build.0 = Debug|Any CPU
		{4117501F-DF4B-4E62-9847-A9D3209B1DD9}.NET_35_Debug|iPhone.ActiveCfg = Debug|Any CPU
		{4117501F-DF4B-4E62-9847-A9D3209B1DD9}.NET_35_Debug|iPhone.Build.0 = Debug|Any CPU
		{4117501F-DF4B-4E62-9847-A9D3209B1DD9}.NET_35_Debug|iPhoneSimulator.ActiveCfg = Debug|Any CPU
		{4117501F-DF4B-4E62-9847-A9D3209B1DD9}.NET_35_Debug|iPhoneSimulator.Build.0 = Debug|Any CPU
		{4117501F-DF4B-4E62-9847-A9D3209B1DD9}.NET_35_Release|Any CPU.ActiveCfg = Release|Any CPU
		{4117501F-DF4B-4E62-9847-A9D3209B1DD9}.NET_35_Release|Any CPU.Build.0 = Release|Any CPU
		{4117501F-DF4B-4E62-9847-A9D3209B1DD9}.NET_35_Release|iPhone.ActiveCfg = Release|Any CPU
		{4117501F-DF4B-4E62-9847-A9D3209B1DD9}.NET_35_Release|iPhone.Build.0 = Release|Any CPU
		{4117501F-DF4B-4E62-9847-A9D3209B1DD9}.NET_35_Release|iPhoneSimulator.ActiveCfg = Release|Any CPU
		{4117501F-DF4B-4E62-9847-A9D3209B1DD9}.NET_35_Release|iPhoneSimulator.Build.0 = Release|Any CPU
		{4117501F-DF4B-4E62-9847-A9D3209B1DD9}.NET_40_Debug|Any CPU.ActiveCfg = Debug|Any CPU
		{4117501F-DF4B-4E62-9847-A9D3209B1DD9}.NET_40_Debug|Any CPU.Build.0 = Debug|Any CPU
		{4117501F-DF4B-4E62-9847-A9D3209B1DD9}.NET_40_Debug|iPhone.ActiveCfg = Debug|Any CPU
		{4117501F-DF4B-4E62-9847-A9D3209B1DD9}.NET_40_Debug|iPhone.Build.0 = Debug|Any CPU
		{4117501F-DF4B-4E62-9847-A9D3209B1DD9}.NET_40_Debug|iPhoneSimulator.ActiveCfg = Debug|Any CPU
		{4117501F-DF4B-4E62-9847-A9D3209B1DD9}.NET_40_Debug|iPhoneSimulator.Build.0 = Debug|Any CPU
		{4117501F-DF4B-4E62-9847-A9D3209B1DD9}.NET_40_Release|Any CPU.ActiveCfg = Release|Any CPU
		{4117501F-DF4B-4E62-9847-A9D3209B1DD9}.NET_40_Release|Any CPU.Build.0 = Release|Any CPU
		{4117501F-DF4B-4E62-9847-A9D3209B1DD9}.NET_40_Release|iPhone.ActiveCfg = Release|Any CPU
		{4117501F-DF4B-4E62-9847-A9D3209B1DD9}.NET_40_Release|iPhone.Build.0 = Release|Any CPU
		{4117501F-DF4B-4E62-9847-A9D3209B1DD9}.NET_40_Release|iPhoneSimulator.ActiveCfg = Release|Any CPU
		{4117501F-DF4B-4E62-9847-A9D3209B1DD9}.NET_40_Release|iPhoneSimulator.Build.0 = Release|Any CPU
		{4117501F-DF4B-4E62-9847-A9D3209B1DD9}.NET_45_Debug|Any CPU.ActiveCfg = Debug|Any CPU
		{4117501F-DF4B-4E62-9847-A9D3209B1DD9}.NET_45_Debug|Any CPU.Build.0 = Debug|Any CPU
		{4117501F-DF4B-4E62-9847-A9D3209B1DD9}.NET_45_Debug|iPhone.ActiveCfg = Debug|Any CPU
		{4117501F-DF4B-4E62-9847-A9D3209B1DD9}.NET_45_Debug|iPhone.Build.0 = Debug|Any CPU
		{4117501F-DF4B-4E62-9847-A9D3209B1DD9}.NET_45_Debug|iPhoneSimulator.ActiveCfg = Debug|Any CPU
		{4117501F-DF4B-4E62-9847-A9D3209B1DD9}.NET_45_Debug|iPhoneSimulator.Build.0 = Debug|Any CPU
		{4117501F-DF4B-4E62-9847-A9D3209B1DD9}.NET_45_Release|Any CPU.ActiveCfg = Release|Any CPU
		{4117501F-DF4B-4E62-9847-A9D3209B1DD9}.NET_45_Release|Any CPU.Build.0 = Release|Any CPU
		{4117501F-DF4B-4E62-9847-A9D3209B1DD9}.NET_45_Release|iPhone.ActiveCfg = Release|Any CPU
		{4117501F-DF4B-4E62-9847-A9D3209B1DD9}.NET_45_Release|iPhone.Build.0 = Release|Any CPU
		{4117501F-DF4B-4E62-9847-A9D3209B1DD9}.NET_45_Release|iPhoneSimulator.ActiveCfg = Release|Any CPU
		{4117501F-DF4B-4E62-9847-A9D3209B1DD9}.NET_45_Release|iPhoneSimulator.Build.0 = Release|Any CPU
		{4117501F-DF4B-4E62-9847-A9D3209B1DD9}.Release|Any CPU.ActiveCfg = Release|Any CPU
		{4117501F-DF4B-4E62-9847-A9D3209B1DD9}.Release|Any CPU.Build.0 = Release|Any CPU
		{4117501F-DF4B-4E62-9847-A9D3209B1DD9}.Release|iPhone.ActiveCfg = Release|Any CPU
		{4117501F-DF4B-4E62-9847-A9D3209B1DD9}.Release|iPhone.Build.0 = Release|Any CPU
		{4117501F-DF4B-4E62-9847-A9D3209B1DD9}.Release|iPhoneSimulator.ActiveCfg = Release|Any CPU
		{4117501F-DF4B-4E62-9847-A9D3209B1DD9}.Release|iPhoneSimulator.Build.0 = Release|Any CPU
		{4117501F-DF4B-4E62-9847-A9D3209B1DD9}.UNITY_WEB_PLAYER|Any CPU.ActiveCfg = Release|Any CPU
		{4117501F-DF4B-4E62-9847-A9D3209B1DD9}.UNITY_WEB_PLAYER|Any CPU.Build.0 = Release|Any CPU
		{4117501F-DF4B-4E62-9847-A9D3209B1DD9}.UNITY_WEB_PLAYER|iPhone.ActiveCfg = Release|Any CPU
		{4117501F-DF4B-4E62-9847-A9D3209B1DD9}.UNITY_WEB_PLAYER|iPhone.Build.0 = Release|Any CPU
		{4117501F-DF4B-4E62-9847-A9D3209B1DD9}.UNITY_WEB_PLAYER|iPhoneSimulator.ActiveCfg = Release|Any CPU
		{4117501F-DF4B-4E62-9847-A9D3209B1DD9}.UNITY_WEB_PLAYER|iPhoneSimulator.Build.0 = Release|Any CPU
		{4117501F-DF4B-4E62-9847-A9D3209B1DD9}.WP_Release|Any CPU.ActiveCfg = Release|Any CPU
		{4117501F-DF4B-4E62-9847-A9D3209B1DD9}.WP_Release|Any CPU.Build.0 = Release|Any CPU
		{4117501F-DF4B-4E62-9847-A9D3209B1DD9}.WP_Release|iPhone.ActiveCfg = Release|Any CPU
		{4117501F-DF4B-4E62-9847-A9D3209B1DD9}.WP_Release|iPhone.Build.0 = Release|Any CPU
		{4117501F-DF4B-4E62-9847-A9D3209B1DD9}.WP_Release|iPhoneSimulator.ActiveCfg = Release|Any CPU
		{4117501F-DF4B-4E62-9847-A9D3209B1DD9}.WP_Release|iPhoneSimulator.Build.0 = Release|Any CPU
		{4117501F-DF4B-4E62-9847-A9D3209B1DD9}.WP8|Any CPU.ActiveCfg = Release|Any CPU
		{4117501F-DF4B-4E62-9847-A9D3209B1DD9}.WP8|Any CPU.Build.0 = Release|Any CPU
		{4117501F-DF4B-4E62-9847-A9D3209B1DD9}.WP8|iPhone.ActiveCfg = Release|Any CPU
		{4117501F-DF4B-4E62-9847-A9D3209B1DD9}.WP8|iPhone.Build.0 = Release|Any CPU
		{4117501F-DF4B-4E62-9847-A9D3209B1DD9}.WP8|iPhoneSimulator.ActiveCfg = Release|Any CPU
		{4117501F-DF4B-4E62-9847-A9D3209B1DD9}.WP8|iPhoneSimulator.Build.0 = Release|Any CPU
	EndGlobalSection
	GlobalSection(SolutionProperties) = preSolution
		HideSolutionNode = FALSE
	EndGlobalSection
EndGlobal
